// !$*UTF8*$!
{
	archiveVersion = 1;
	classes = {
	};
	objectVersion = 46;
	objects = {

/* Begin PBXBuildFile section */
		DDFDB87E1B40642C0022F3C2 /* main.m in Sources */ = {isa = PBXBuildFile; fileRef = DDFDB87D1B40642C0022F3C2 /* main.m */; };
		DDFDB8811B40642C0022F3C2 /* AppDelegate.m in Sources */ = {isa = PBXBuildFile; fileRef = DDFDB8801B40642C0022F3C2 /* AppDelegate.m */; };
		DDFDB8891B40642C0022F3C2 /* Images.xcassets in Resources */ = {isa = PBXBuildFile; fileRef = DDFDB8881B40642C0022F3C2 /* Images.xcassets */; };
		DDFDB88C1B40642C0022F3C2 /* LaunchScreen.xib in Resources */ = {isa = PBXBuildFile; fileRef = DDFDB88A1B40642C0022F3C2 /* LaunchScreen.xib */; };
		DDFDB8981B40642C0022F3C2 /* BlocstagramTests.m in Sources */ = {isa = PBXBuildFile; fileRef = DDFDB8971B40642C0022F3C2 /* BlocstagramTests.m */; };
		DDFDB8AC1B4080B90022F3C2 /* 1.jpg in Resources */ = {isa = PBXBuildFile; fileRef = DDFDB8A21B4080B90022F3C2 /* 1.jpg */; };
		DDFDB8AD1B4080B90022F3C2 /* 2.jpg in Resources */ = {isa = PBXBuildFile; fileRef = DDFDB8A31B4080B90022F3C2 /* 2.jpg */; };
		DDFDB8AE1B4080B90022F3C2 /* 3.jpg in Resources */ = {isa = PBXBuildFile; fileRef = DDFDB8A41B4080B90022F3C2 /* 3.jpg */; };
		DDFDB8AF1B4080B90022F3C2 /* 4.jpg in Resources */ = {isa = PBXBuildFile; fileRef = DDFDB8A51B4080B90022F3C2 /* 4.jpg */; };
		DDFDB8B01B4080B90022F3C2 /* 5.jpg in Resources */ = {isa = PBXBuildFile; fileRef = DDFDB8A61B4080B90022F3C2 /* 5.jpg */; };
		DDFDB8B11B4080B90022F3C2 /* 6.jpg in Resources */ = {isa = PBXBuildFile; fileRef = DDFDB8A71B4080B90022F3C2 /* 6.jpg */; };
		DDFDB8B21B4080B90022F3C2 /* 7.jpg in Resources */ = {isa = PBXBuildFile; fileRef = DDFDB8A81B4080B90022F3C2 /* 7.jpg */; };
		DDFDB8B31B4080B90022F3C2 /* 8.jpg in Resources */ = {isa = PBXBuildFile; fileRef = DDFDB8A91B4080B90022F3C2 /* 8.jpg */; };
		DDFDB8B41B4080B90022F3C2 /* 9.jpeg in Resources */ = {isa = PBXBuildFile; fileRef = DDFDB8AA1B4080B90022F3C2 /* 9.jpeg */; };
		DDFDB8B51B4080B90022F3C2 /* 10.jpg in Resources */ = {isa = PBXBuildFile; fileRef = DDFDB8AB1B4080B90022F3C2 /* 10.jpg */; };
		DDFDB8B81B4081040022F3C2 /* ImagesTableViewController.m in Sources */ = {isa = PBXBuildFile; fileRef = DDFDB8B71B4081040022F3C2 /* ImagesTableViewController.m */; };
/* End PBXBuildFile section */

/* Begin PBXContainerItemProxy section */
		DDFDB8921B40642C0022F3C2 /* PBXContainerItemProxy */ = {
			isa = PBXContainerItemProxy;
			containerPortal = DDFDB8701B40642C0022F3C2 /* Project object */;
			proxyType = 1;
			remoteGlobalIDString = DDFDB8771B40642C0022F3C2;
			remoteInfo = Blocstagram;
		};
/* End PBXContainerItemProxy section */

/* Begin PBXFileReference section */
		DDFDB8781B40642C0022F3C2 /* Blocstagram.app */ = {isa = PBXFileReference; explicitFileType = wrapper.application; includeInIndex = 0; path = Blocstagram.app; sourceTree = BUILT_PRODUCTS_DIR; };
		DDFDB87C1B40642C0022F3C2 /* Info.plist */ = {isa = PBXFileReference; lastKnownFileType = text.plist.xml; path = Info.plist; sourceTree = "<group>"; };
		DDFDB87D1B40642C0022F3C2 /* main.m */ = {isa = PBXFileReference; lastKnownFileType = sourcecode.c.objc; path = main.m; sourceTree = "<group>"; };
		DDFDB87F1B40642C0022F3C2 /* AppDelegate.h */ = {isa = PBXFileReference; lastKnownFileType = sourcecode.c.h; path = AppDelegate.h; sourceTree = "<group>"; };
		DDFDB8801B40642C0022F3C2 /* AppDelegate.m */ = {isa = PBXFileReference; lastKnownFileType = sourcecode.c.objc; path = AppDelegate.m; sourceTree = "<group>"; };
		DDFDB8881B40642C0022F3C2 /* Images.xcassets */ = {isa = PBXFileReference; lastKnownFileType = folder.assetcatalog; path = Images.xcassets; sourceTree = "<group>"; };
		DDFDB88B1B40642C0022F3C2 /* Base */ = {isa = PBXFileReference; lastKnownFileType = file.xib; name = Base; path = Base.lproj/LaunchScreen.xib; sourceTree = "<group>"; };
		DDFDB8911B40642C0022F3C2 /* BlocstagramTests.xctest */ = {isa = PBXFileReference; explicitFileType = wrapper.cfbundle; includeInIndex = 0; path = BlocstagramTests.xctest; sourceTree = BUILT_PRODUCTS_DIR; };
		DDFDB8961B40642C0022F3C2 /* Info.plist */ = {isa = PBXFileReference; lastKnownFileType = text.plist.xml; path = Info.plist; sourceTree = "<group>"; };
		DDFDB8971B40642C0022F3C2 /* BlocstagramTests.m */ = {isa = PBXFileReference; lastKnownFileType = sourcecode.c.objc; path = BlocstagramTests.m; sourceTree = "<group>"; };
		DDFDB8A21B4080B90022F3C2 /* 1.jpg */ = {isa = PBXFileReference; lastKnownFileType = image.jpeg; path = 1.jpg; sourceTree = "<group>"; };
		DDFDB8A31B4080B90022F3C2 /* 2.jpg */ = {isa = PBXFileReference; lastKnownFileType = image.jpeg; path = 2.jpg; sourceTree = "<group>"; };
		DDFDB8A41B4080B90022F3C2 /* 3.jpg */ = {isa = PBXFileReference; lastKnownFileType = image.jpeg; path = 3.jpg; sourceTree = "<group>"; };
		DDFDB8A51B4080B90022F3C2 /* 4.jpg */ = {isa = PBXFileReference; lastKnownFileType = image.jpeg; path = 4.jpg; sourceTree = "<group>"; };
		DDFDB8A61B4080B90022F3C2 /* 5.jpg */ = {isa = PBXFileReference; lastKnownFileType = image.jpeg; path = 5.jpg; sourceTree = "<group>"; };
		DDFDB8A71B4080B90022F3C2 /* 6.jpg */ = {isa = PBXFileReference; lastKnownFileType = image.jpeg; path = 6.jpg; sourceTree = "<group>"; };
		DDFDB8A81B4080B90022F3C2 /* 7.jpg */ = {isa = PBXFileReference; lastKnownFileType = image.jpeg; path = 7.jpg; sourceTree = "<group>"; };
		DDFDB8A91B4080B90022F3C2 /* 8.jpg */ = {isa = PBXFileReference; lastKnownFileType = image.jpeg; path = 8.jpg; sourceTree = "<group>"; };
		DDFDB8AA1B4080B90022F3C2 /* 9.jpeg */ = {isa = PBXFileReference; lastKnownFileType = image.jpeg; path = 9.jpeg; sourceTree = "<group>"; };
		DDFDB8AB1B4080B90022F3C2 /* 10.jpg */ = {isa = PBXFileReference; lastKnownFileType = image.jpeg; path = 10.jpg; sourceTree = "<group>"; };
		DDFDB8B61B4081040022F3C2 /* ImagesTableViewController.h */ = {isa = PBXFileReference; fileEncoding = 4; lastKnownFileType = sourcecode.c.h; name = ImagesTableViewController.h; path = ../ImagesTableViewController.h; sourceTree = "<group>"; };
		DDFDB8B71B4081040022F3C2 /* ImagesTableViewController.m */ = {isa = PBXFileReference; fileEncoding = 4; lastKnownFileType = sourcecode.c.objc; name = ImagesTableViewController.m; path = ../ImagesTableViewController.m; sourceTree = "<group>"; };
/* End PBXFileReference section */

/* Begin PBXFrameworksBuildPhase section */
		DDFDB8751B40642C0022F3C2 /* Frameworks */ = {
			isa = PBXFrameworksBuildPhase;
			buildActionMask = 2147483647;
			files = (
			);
			runOnlyForDeploymentPostprocessing = 0;
		};
		DDFDB88E1B40642C0022F3C2 /* Frameworks */ = {
			isa = PBXFrameworksBuildPhase;
			buildActionMask = 2147483647;
			files = (
			);
			runOnlyForDeploymentPostprocessing = 0;
		};
/* End PBXFrameworksBuildPhase section */

/* Begin PBXGroup section */
		DDFDB86F1B40642C0022F3C2 = {
			isa = PBXGroup;
			children = (
				DDFDB87A1B40642C0022F3C2 /* Blocstagram */,
				DDFDB8941B40642C0022F3C2 /* BlocstagramTests */,
				DDFDB8791B40642C0022F3C2 /* Products */,
			);
			sourceTree = "<group>";
		};
		DDFDB8791B40642C0022F3C2 /* Products */ = {
			isa = PBXGroup;
			children = (
				DDFDB8781B40642C0022F3C2 /* Blocstagram.app */,
				DDFDB8911B40642C0022F3C2 /* BlocstagramTests.xctest */,
			);
			name = Products;
			sourceTree = "<group>";
		};
		DDFDB87A1B40642C0022F3C2 /* Blocstagram */ = {
			isa = PBXGroup;
			children = (
				DDFDB8A11B40806E0022F3C2 /* Images */,
				DDFDB87F1B40642C0022F3C2 /* AppDelegate.h */,
				DDFDB8801B40642C0022F3C2 /* AppDelegate.m */,
				DDFDB8B61B4081040022F3C2 /* ImagesTableViewController.h */,
				DDFDB8B71B4081040022F3C2 /* ImagesTableViewController.m */,
				DDFDB8881B40642C0022F3C2 /* Images.xcassets */,
				DDFDB88A1B40642C0022F3C2 /* LaunchScreen.xib */,
				DDFDB87B1B40642C0022F3C2 /* Supporting Files */,
			);
			path = Blocstagram;
			sourceTree = "<group>";
		};
		DDFDB87B1B40642C0022F3C2 /* Supporting Files */ = {
			isa = PBXGroup;
			children = (
				DDFDB87C1B40642C0022F3C2 /* Info.plist */,
				DDFDB87D1B40642C0022F3C2 /* main.m */,
			);
			name = "Supporting Files";
			sourceTree = "<group>";
		};
		DDFDB8941B40642C0022F3C2 /* BlocstagramTests */ = {
			isa = PBXGroup;
			children = (
				DDFDB8971B40642C0022F3C2 /* BlocstagramTests.m */,
				DDFDB8951B40642C0022F3C2 /* Supporting Files */,
			);
			path = BlocstagramTests;
			sourceTree = "<group>";
		};
		DDFDB8951B40642C0022F3C2 /* Supporting Files */ = {
			isa = PBXGroup;
			children = (
				DDFDB8961B40642C0022F3C2 /* Info.plist */,
			);
			name = "Supporting Files";
			sourceTree = "<group>";
		};
		DDFDB8A11B40806E0022F3C2 /* Images */ = {
			isa = PBXGroup;
			children = (
				DDFDB8A21B4080B90022F3C2 /* 1.jpg */,
				DDFDB8A31B4080B90022F3C2 /* 2.jpg */,
				DDFDB8A41B4080B90022F3C2 /* 3.jpg */,
				DDFDB8A51B4080B90022F3C2 /* 4.jpg */,
				DDFDB8A61B4080B90022F3C2 /* 5.jpg */,
				DDFDB8A71B4080B90022F3C2 /* 6.jpg */,
				DDFDB8A81B4080B90022F3C2 /* 7.jpg */,
				DDFDB8A91B4080B90022F3C2 /* 8.jpg */,
				DDFDB8AA1B4080B90022F3C2 /* 9.jpeg */,
				DDFDB8AB1B4080B90022F3C2 /* 10.jpg */,
			);
			name = Images;
			sourceTree = "<group>";
		};
/* End PBXGroup section */

/* Begin PBXNativeTarget section */
		DDFDB8771B40642C0022F3C2 /* Blocstagram */ = {
			isa = PBXNativeTarget;
			buildConfigurationList = DDFDB89B1B40642C0022F3C2 /* Build configuration list for PBXNativeTarget "Blocstagram" */;
			buildPhases = (
				DDFDB8741B40642C0022F3C2 /* Sources */,
				DDFDB8751B40642C0022F3C2 /* Frameworks */,
				DDFDB8761B40642C0022F3C2 /* Resources */,
			);
			buildRules = (
			);
			dependencies = (
			);
			name = Blocstagram;
			productName = Blocstagram;
			productReference = DDFDB8781B40642C0022F3C2 /* Blocstagram.app */;
			productType = "com.apple.product-type.application";
		};
		DDFDB8901B40642C0022F3C2 /* BlocstagramTests */ = {
			isa = PBXNativeTarget;
			buildConfigurationList = DDFDB89E1B40642C0022F3C2 /* Build configuration list for PBXNativeTarget "BlocstagramTests" */;
			buildPhases = (
				DDFDB88D1B40642C0022F3C2 /* Sources */,
				DDFDB88E1B40642C0022F3C2 /* Frameworks */,
				DDFDB88F1B40642C0022F3C2 /* Resources */,
			);
			buildRules = (
			);
			dependencies = (
				DDFDB8931B40642C0022F3C2 /* PBXTargetDependency */,
			);
			name = BlocstagramTests;
			productName = BlocstagramTests;
			productReference = DDFDB8911B40642C0022F3C2 /* BlocstagramTests.xctest */;
			productType = "com.apple.product-type.bundle.unit-test";
		};
/* End PBXNativeTarget section */

/* Begin PBXProject section */
		DDFDB8701B40642C0022F3C2 /* Project object */ = {
			isa = PBXProject;
			attributes = {
				LastUpgradeCheck = 0630;
				ORGANIZATIONNAME = Bloc;
				TargetAttributes = {
					DDFDB8771B40642C0022F3C2 = {
						CreatedOnToolsVersion = 6.3.2;
					};
					DDFDB8901B40642C0022F3C2 = {
						CreatedOnToolsVersion = 6.3.2;
						TestTargetID = DDFDB8771B40642C0022F3C2;
					};
				};
			};
			buildConfigurationList = DDFDB8731B40642C0022F3C2 /* Build configuration list for PBXProject "Blocstagram" */;
			compatibilityVersion = "Xcode 3.2";
			developmentRegion = English;
			hasScannedForEncodings = 0;
			knownRegions = (
				en,
				Base,
			);
			mainGroup = DDFDB86F1B40642C0022F3C2;
			productRefGroup = DDFDB8791B40642C0022F3C2 /* Products */;
			projectDirPath = "";
			projectRoot = "";
			targets = (
				DDFDB8771B40642C0022F3C2 /* Blocstagram */,
				DDFDB8901B40642C0022F3C2 /* BlocstagramTests */,
			);
		};
/* End PBXProject section */

/* Begin PBXResourcesBuildPhase section */
		DDFDB8761B40642C0022F3C2 /* Resources */ = {
			isa = PBXResourcesBuildPhase;
			buildActionMask = 2147483647;
			files = (
				DDFDB8B31B4080B90022F3C2 /* 8.jpg in Resources */,
				DDFDB8AF1B4080B90022F3C2 /* 4.jpg in Resources */,
				DDFDB8AE1B4080B90022F3C2 /* 3.jpg in Resources */,
				DDFDB8B41B4080B90022F3C2 /* 9.jpeg in Resources */,
				DDFDB8B11B4080B90022F3C2 /* 6.jpg in Resources */,
				DDFDB8AC1B4080B90022F3C2 /* 1.jpg in Resources */,
				DDFDB88C1B40642C0022F3C2 /* LaunchScreen.xib in Resources */,
				DDFDB8B01B4080B90022F3C2 /* 5.jpg in Resources */,
				DDFDB8B21B4080B90022F3C2 /* 7.jpg in Resources */,
				DDFDB8AD1B4080B90022F3C2 /* 2.jpg in Resources */,
				DDFDB8B51B4080B90022F3C2 /* 10.jpg in Resources */,
				DDFDB8891B40642C0022F3C2 /* Images.xcassets in Resources */,
			);
			runOnlyForDeploymentPostprocessing = 0;
		};
		DDFDB88F1B40642C0022F3C2 /* Resources */ = {
			isa = PBXResourcesBuildPhase;
			buildActionMask = 2147483647;
			files = (
			);
			runOnlyForDeploymentPostprocessing = 0;
		};
/* End PBXResourcesBuildPhase section */

/* Begin PBXSourcesBuildPhase section */
		DDFDB8741B40642C0022F3C2 /* Sources */ = {
			isa = PBXSourcesBuildPhase;
			buildActionMask = 2147483647;
			files = (
				DDFDB8811B40642C0022F3C2 /* AppDelegate.m in Sources */,
				DDFDB87E1B40642C0022F3C2 /* main.m in Sources */,
				DDFDB8B81B4081040022F3C2 /* ImagesTableViewController.m in Sources */,
			);
			runOnlyForDeploymentPostprocessing = 0;
		};
		DDFDB88D1B40642C0022F3C2 /* Sources */ = {
			isa = PBXSourcesBuildPhase;
			buildActionMask = 2147483647;
			files = (
				DDFDB8981B40642C0022F3C2 /* BlocstagramTests.m in Sources */,
			);
			runOnlyForDeploymentPostprocessing = 0;
		};
/* End PBXSourcesBuildPhase section */

/* Begin PBXTargetDependency section */
		DDFDB8931B40642C0022F3C2 /* PBXTargetDependency */ = {
			isa = PBXTargetDependency;
			target = DDFDB8771B40642C0022F3C2 /* Blocstagram */;
			targetProxy = DDFDB8921B40642C0022F3C2 /* PBXContainerItemProxy */;
		};
/* End PBXTargetDependency section */

/* Begin PBXVariantGroup section */
		DDFDB88A1B40642C0022F3C2 /* LaunchScreen.xib */ = {
			isa = PBXVariantGroup;
			children = (
				DDFDB88B1B40642C0022F3C2 /* Base */,
			);
			name = LaunchScreen.xib;
			sourceTree = "<group>";
		};
/* End PBXVariantGroup section */

/* Begin XCBuildConfiguration section */
		DDFDB8991B40642C0022F3C2 /* Debug */ = {
			isa = XCBuildConfiguration;
			buildSettings = {
				ALWAYS_SEARCH_USER_PATHS = NO;
				CLANG_CXX_LANGUAGE_STANDARD = "gnu++0x";
				CLANG_CXX_LIBRARY = "libc++";
				CLANG_ENABLE_MODULES = YES;
				CLANG_ENABLE_OBJC_ARC = YES;
				CLANG_WARN_BOOL_CONVERSION = YES;
				CLANG_WARN_CONSTANT_CONVERSION = YES;
				CLANG_WARN_DIRECT_OBJC_ISA_USAGE = YES_ERROR;
				CLANG_WARN_EMPTY_BODY = YES;
				CLANG_WARN_ENUM_CONVERSION = YES;
				CLANG_WARN_INT_CONVERSION = YES;
				CLANG_WARN_OBJC_ROOT_CLASS = YES_ERROR;
				CLANG_WARN_UNREACHABLE_CODE = YES;
				CLANG_WARN__DUPLICATE_METHOD_MATCH = YES;
				"CODE_SIGN_IDENTITY[sdk=iphoneos*]" = "iPhone Developer";
				COPY_PHASE_STRIP = NO;
				DEBUG_INFORMATION_FORMAT = "dwarf-with-dsym";
				ENABLE_STRICT_OBJC_MSGSEND = YES;
				GCC_C_LANGUAGE_STANDARD = gnu99;
				GCC_DYNAMIC_NO_PIC = NO;
				GCC_NO_COMMON_BLOCKS = YES;
				GCC_OPTIMIZATION_LEVEL = 0;
				GCC_PREPROCESSOR_DEFINITIONS = (
					"DEBUG=1",
					"$(inherited)",
				);
				GCC_SYMBOLS_PRIVATE_EXTERN = NO;
				GCC_WARN_64_TO_32_BIT_CONVERSION = YES;
				GCC_WARN_ABOUT_RETURN_TYPE = YES_ERROR;
				GCC_WARN_UNDECLARED_SELECTOR = YES;
				GCC_WARN_UNINITIALIZED_AUTOS = YES_AGGRESSIVE;
				GCC_WARN_UNUSED_FUNCTION = YES;
				GCC_WARN_UNUSED_VARIABLE = YES;
				IPHONEOS_DEPLOYMENT_TARGET = 8.3;
				MTL_ENABLE_DEBUG_INFO = YES;
				ONLY_ACTIVE_ARCH = YES;
				SDKROOT = iphoneos;
				TARGETED_DEVICE_FAMILY = "1,2";
			};
			name = Debug;
		};
		DDFDB89A1B40642C0022F3C2 /* Release */ = {
			isa = XCBuildConfiguration;
			buildSettings = {
				ALWAYS_SEARCH_USER_PATHS = NO;
				CLANG_CXX_LANGUAGE_STANDARD = "gnu++0x";
				CLANG_CXX_LIBRARY = "libc++";
				CLANG_ENABLE_MODULES = YES;
				CLANG_ENABLE_OBJC_ARC = YES;
				CLANG_WARN_BOOL_CONVERSION = YES;
				CLANG_WARN_CONSTANT_CONVERSION = YES;
				CLANG_WARN_DIRECT_OBJC_ISA_USAGE = YES_ERROR;
				CLANG_WARN_EMPTY_BODY = YES;
				CLANG_WARN_ENUM_CONVERSION = YES;
				CLANG_WARN_INT_CONVERSION = YES;
				CLANG_WARN_OBJC_ROOT_CLASS = YES_ERROR;
				CLANG_WARN_UNREACHABLE_CODE = YES;
				CLANG_WARN__DUPLICATE_METHOD_MATCH = YES;
				"CODE_SIGN_IDENTITY[sdk=iphoneos*]" = "iPhone Developer";
				COPY_PHASE_STRIP = NO;
				DEBUG_INFORMATION_FORMAT = "dwarf-with-dsym";
				ENABLE_NS_ASSERTIONS = NO;
				ENABLE_STRICT_OBJC_MSGSEND = YES;
				GCC_C_LANGUAGE_STANDARD = gnu99;
				GCC_NO_COMMON_BLOCKS = YES;
				GCC_WARN_64_TO_32_BIT_CONVERSION = YES;
				GCC_WARN_ABOUT_RETURN_TYPE = YES_ERROR;
				GCC_WARN_UNDECLARED_SELECTOR = YES;
				GCC_WARN_UNINITIALIZED_AUTOS = YES_AGGRESSIVE;
				GCC_WARN_UNUSED_FUNCTION = YES;
				GCC_WARN_UNUSED_VARIABLE = YES;
				IPHONEOS_DEPLOYMENT_TARGET = 8.3;
				MTL_ENABLE_DEBUG_INFO = NO;
				SDKROOT = iphoneos;
				TARGETED_DEVICE_FAMILY = "1,2";
				VALIDATE_PRODUCT = YES;
			};
			name = Release;
		};
		DDFDB89C1B40642C0022F3C2 /* Debug */ = {
			isa = XCBuildConfiguration;
			buildSettings = {
				ASSETCATALOG_COMPILER_APPICON_NAME = AppIcon;
				INFOPLIST_FILE = Blocstagram/Info.plist;
				LD_RUNPATH_SEARCH_PATHS = "$(inherited) @executable_path/Frameworks";
				PRODUCT_NAME = "$(TARGET_NAME)";
			};
			name = Debug;
		};
		DDFDB89D1B40642C0022F3C2 /* Release */ = {
			isa = XCBuildConfiguration;
			buildSettings = {
				ASSETCATALOG_COMPILER_APPICON_NAME = AppIcon;
				INFOPLIST_FILE = Blocstagram/Info.plist;
				LD_RUNPATH_SEARCH_PATHS = "$(inherited) @executable_path/Frameworks";
				PRODUCT_NAME = "$(TARGET_NAME)";
			};
			name = Release;
		};
		DDFDB89F1B40642C0022F3C2 /* Debug */ = {
			isa = XCBuildConfiguration;
			buildSettings = {
				BUNDLE_LOADER = "$(TEST_HOST)";
				FRAMEWORK_SEARCH_PATHS = (
					"$(SDKROOT)/Developer/Library/Frameworks",
					"$(inherited)",
				);
				GCC_PREPROCESSOR_DEFINITIONS = (
					"DEBUG=1",
					"$(inherited)",
				);
				INFOPLIST_FILE = BlocstagramTests/Info.plist;
				LD_RUNPATH_SEARCH_PATHS = "$(inherited) @executable_path/Frameworks @loader_path/Frameworks";
				PRODUCT_NAME = "$(TARGET_NAME)";
				TEST_HOST = "$(BUILT_PRODUCTS_DIR)/Blocstagram.app/Blocstagram";
			};
			name = Debug;
		};
		DDFDB8A01B40642C0022F3C2 /* Release */ = {
			isa = XCBuildConfiguration;
			buildSettings = {
				BUNDLE_LOADER = "$(TEST_HOST)";
				FRAMEWORK_SEARCH_PATHS = (
					"$(SDKROOT)/Developer/Library/Frameworks",
					"$(inherited)",
				);
				INFOPLIST_FILE = BlocstagramTests/Info.plist;
				LD_RUNPATH_SEARCH_PATHS = "$(inherited) @executable_path/Frameworks @loader_path/Frameworks";
				PRODUCT_NAME = "$(TARGET_NAME)";
				TEST_HOST = "$(BUILT_PRODUCTS_DIR)/Blocstagram.app/Blocstagram";
			};
			name = Release;
		};
/* End XCBuildConfiguration section */

/* Begin XCConfigurationList section */
		DDFDB8731B40642C0022F3C2 /* Build configuration list for PBXProject "Blocstagram" */ = {
			isa = XCConfigurationList;
			buildConfigurations = (
				DDFDB8991B40642C0022F3C2 /* Debug */,
				DDFDB89A1B40642C0022F3C2 /* Release */,
			);
			defaultConfigurationIsVisible = 0;
			defaultConfigurationName = Release;
		};
		DDFDB89B1B40642C0022F3C2 /* Build configuration list for PBXNativeTarget "Blocstagram" */ = {
			isa = XCConfigurationList;
			buildConfigurations = (
				DDFDB89C1B40642C0022F3C2 /* Debug */,
				DDFDB89D1B40642C0022F3C2 /* Release */,
			);
			defaultConfigurationIsVisible = 0;
			defaultConfigurationName = Release;
		};
		DDFDB89E1B40642C0022F3C2 /* Build configuration list for PBXNativeTarget "BlocstagramTests" */ = {
			isa = XCConfigurationList;
			buildConfigurations = (
				DDFDB89F1B40642C0022F3C2 /* Debug */,
				DDFDB8A01B40642C0022F3C2 /* Release */,
			);
			defaultConfigurationIsVisible = 0;
			defaultConfigurationName = Release;
		};
/* End XCConfigurationList section */
	};
	rootObject = DDFDB8701B40642C0022F3C2 /* Project object */;
}
